{
    "version": 3,
    "terraform_version": "0.11.8",
    "serial": 17,
    "lineage": "eeeb13e1-7fe1-035c-e51c-a79475199039",
    "modules": [
        {
            "path": [
                "root"
            ],
            "outputs": {},
            "resources": {
                "aws_eip.ip": {
                    "type": "aws_eip",
                    "depends_on": [
                        "aws_instance.example"
                    ],
                    "primary": {
                        "id": "eipalloc-0c3e23ce01b5e3b7a",
                        "attributes": {
                            "association_id": "eipassoc-00697fbc9a16d40aa",
                            "domain": "vpc",
                            "id": "eipalloc-0c3e23ce01b5e3b7a",
                            "instance": "i-0be4d0ef0004e6352",
                            "network_interface": "eni-0cc3e1c671f76ab3d",
                            "private_ip": "10.0.1.27",
                            "public_ip": "34.255.186.136",
                            "tags.%": "0",
                            "vpc": "true"
                        },
                        "meta": {
                            "e2bfb730-ecaa-11e6-8f88-34363bc7c4c0": {
                                "delete": 180000000000,
                                "read": 900000000000,
                                "update": 300000000000
                            }
                        },
                        "tainted": false
                    },
                    "deposed": [],
                    "provider": "provider.aws"
                },
                "aws_instance.example": {
                    "type": "aws_instance",
                    "depends_on": [
                        "aws_internet_gateway.gw",
                        "aws_subnet.eu-west-1a-public"
                    ],
                    "primary": {
                        "id": "i-0be4d0ef0004e6352",
                        "attributes": {
                            "ami": "ami-f3210e95",
                            "arn": "arn:aws:ec2:eu-west-1:513852279071:instance/i-0be4d0ef0004e6352",
                            "associate_public_ip_address": "false",
                            "availability_zone": "eu-west-1a",
                            "cpu_core_count": "1",
                            "cpu_threads_per_core": "1",
                            "credit_specification.#": "1",
                            "credit_specification.0.cpu_credits": "standard",
                            "disable_api_termination": "false",
                            "ebs_block_device.#": "0",
                            "ebs_optimized": "false",
                            "ephemeral_block_device.#": "0",
                            "get_password_data": "false",
                            "iam_instance_profile": "",
                            "id": "i-0be4d0ef0004e6352",
                            "instance_state": "running",
                            "instance_type": "t2.micro",
                            "ipv6_addresses.#": "0",
                            "key_name": "",
                            "monitoring": "false",
                            "network_interface.#": "0",
                            "network_interface_id": "eni-0cc3e1c671f76ab3d",
                            "password_data": "",
                            "placement_group": "",
                            "primary_network_interface_id": "eni-0cc3e1c671f76ab3d",
                            "private_dns": "ip-10-0-1-27.eu-west-1.compute.internal",
                            "private_ip": "10.0.1.27",
                            "public_dns": "",
                            "public_ip": "",
                            "root_block_device.#": "1",
                            "root_block_device.0.delete_on_termination": "true",
                            "root_block_device.0.iops": "100",
                            "root_block_device.0.volume_id": "vol-0c0b4196fb5f78240",
                            "root_block_device.0.volume_size": "8",
                            "root_block_device.0.volume_type": "gp2",
                            "security_groups.#": "0",
                            "source_dest_check": "true",
                            "subnet_id": "subnet-0d6de671fb1d09c6d",
                            "tags.%": "0",
                            "tenancy": "default",
                            "volume_tags.%": "0",
                            "vpc_security_group_ids.#": "1",
                            "vpc_security_group_ids.1544257320": "sg-0224b678f8665cce7"
                        },
                        "meta": {
                            "e2bfb730-ecaa-11e6-8f88-34363bc7c4c0": {
                                "create": 600000000000,
                                "delete": 1200000000000,
                                "update": 600000000000
                            },
                            "schema_version": "1"
                        },
                        "tainted": false
                    },
                    "deposed": [],
                    "provider": "provider.aws"
                },
                "aws_internet_gateway.gw": {
                    "type": "aws_internet_gateway",
                    "depends_on": [
                        "aws_vpc.example"
                    ],
                    "primary": {
                        "id": "igw-0ef8e33c21e28e729",
                        "attributes": {
                            "id": "igw-0ef8e33c21e28e729",
                            "vpc_id": "vpc-00e860e9f97b51dfe"
                        },
                        "meta": {},
                        "tainted": false
                    },
                    "deposed": [],
                    "provider": "provider.aws"
                },
                "aws_subnet.eu-west-1a-public": {
                    "type": "aws_subnet",
                    "depends_on": [
                        "aws_vpc.example"
                    ],
                    "primary": {
                        "id": "subnet-0d6de671fb1d09c6d",
                        "attributes": {
                            "arn": "arn:aws:ec2:eu-west-1:513852279071:subnet/subnet-0d6de671fb1d09c6d",
                            "assign_ipv6_address_on_creation": "false",
                            "availability_zone": "eu-west-1a",
                            "cidr_block": "10.0.1.0/25",
                            "id": "subnet-0d6de671fb1d09c6d",
                            "map_public_ip_on_launch": "false",
                            "tags.%": "0",
                            "vpc_id": "vpc-00e860e9f97b51dfe"
                        },
                        "meta": {
                            "schema_version": "1"
                        },
                        "tainted": false
                    },
                    "deposed": [],
                    "provider": "provider.aws"
                },
                "aws_vpc.example": {
                    "type": "aws_vpc",
                    "depends_on": [],
                    "primary": {
                        "id": "vpc-00e860e9f97b51dfe",
                        "attributes": {
                            "arn": "arn:aws:ec2:eu-west-1:513852279071:vpc/vpc-00e860e9f97b51dfe",
                            "assign_generated_ipv6_cidr_block": "false",
                            "cidr_block": "10.0.0.0/16",
                            "default_network_acl_id": "acl-0a5ad48fd4287b0ad",
                            "default_route_table_id": "rtb-0273a4556f881313c",
                            "default_security_group_id": "sg-0224b678f8665cce7",
                            "dhcp_options_id": "dopt-7bdf971e",
                            "enable_classiclink": "false",
                            "enable_classiclink_dns_support": "false",
                            "enable_dns_hostnames": "true",
                            "enable_dns_support": "true",
                            "id": "vpc-00e860e9f97b51dfe",
                            "instance_tenancy": "default",
                            "main_route_table_id": "rtb-0273a4556f881313c",
                            "tags.%": "0"
                        },
                        "meta": {
                            "schema_version": "1"
                        },
                        "tainted": false
                    },
                    "deposed": [],
                    "provider": "provider.aws"
                }
            },
            "depends_on": []
        }
    ]
}
